// !$*UTF8*$!
{
	archiveVersion = 1;
	classes = {
	};
	objectVersion = 50;
	objects = {

/* Begin PBXBuildFile section */
		84CE76702492B81500197B23 /* MAPStartTableViewCell.m in Sources */ = {isa = PBXBuildFile; fileRef = 84CE766F2492B81500197B23 /* MAPStartTableViewCell.m */; };
		84CE76732492BA9300197B23 /* MAPTransitTableViewCell.m in Sources */ = {isa = PBXBuildFile; fileRef = 84CE76722492BA9300197B23 /* MAPTransitTableViewCell.m */; };
		84CE76762492BD1900197B23 /* MAPDetailsTableViewController.m in Sources */ = {isa = PBXBuildFile; fileRef = 84CE76752492BD1900197B23 /* MAPDetailsTableViewController.m */; };
		BD521D622491ACF30024FE8A /* MAPWalkingTableViewCell.m in Sources */ = {isa = PBXBuildFile; fileRef = BD521D612491ACF30024FE8A /* MAPWalkingTableViewCell.m */; };
		BD9451A924918ECF007D5FB0 /* AppDelegate.m in Sources */ = {isa = PBXBuildFile; fileRef = BD9451A824918ECF007D5FB0 /* AppDelegate.m */; };
		BD9451AC24918ECF007D5FB0 /* SceneDelegate.m in Sources */ = {isa = PBXBuildFile; fileRef = BD9451AB24918ECF007D5FB0 /* SceneDelegate.m */; };
		BD9451B224918ECF007D5FB0 /* Main.storyboard in Resources */ = {isa = PBXBuildFile; fileRef = BD9451B024918ECF007D5FB0 /* Main.storyboard */; };
		BD9451B424918ED2007D5FB0 /* Assets.xcassets in Resources */ = {isa = PBXBuildFile; fileRef = BD9451B324918ED2007D5FB0 /* Assets.xcassets */; };
		BD9451B724918ED2007D5FB0 /* LaunchScreen.storyboard in Resources */ = {isa = PBXBuildFile; fileRef = BD9451B524918ED2007D5FB0 /* LaunchScreen.storyboard */; };
		BD9451BA24918ED2007D5FB0 /* main.m in Sources */ = {isa = PBXBuildFile; fileRef = BD9451B924918ED2007D5FB0 /* main.m */; };
		BD9451C124918F38007D5FB0 /* WalkingCell.xib in Resources */ = {isa = PBXBuildFile; fileRef = BD9451C024918F38007D5FB0 /* WalkingCell.xib */; };
/* End PBXBuildFile section */

/* Begin PBXFileReference section */
		84CE766E2492B81500197B23 /* MAPStartTableViewCell.h */ = {isa = PBXFileReference; lastKnownFileType = sourcecode.c.h; path = MAPStartTableViewCell.h; sourceTree = "<group>"; };
		84CE766F2492B81500197B23 /* MAPStartTableViewCell.m */ = {isa = PBXFileReference; lastKnownFileType = sourcecode.c.objc; path = MAPStartTableViewCell.m; sourceTree = "<group>"; };
		84CE76712492BA9300197B23 /* MAPTransitTableViewCell.h */ = {isa = PBXFileReference; lastKnownFileType = sourcecode.c.h; path = MAPTransitTableViewCell.h; sourceTree = "<group>"; };
		84CE76722492BA9300197B23 /* MAPTransitTableViewCell.m */ = {isa = PBXFileReference; lastKnownFileType = sourcecode.c.objc; path = MAPTransitTableViewCell.m; sourceTree = "<group>"; };
		84CE76742492BD1900197B23 /* MAPDetailsTableViewController.h */ = {isa = PBXFileReference; lastKnownFileType = sourcecode.c.h; path = MAPDetailsTableViewController.h; sourceTree = "<group>"; };
		84CE76752492BD1900197B23 /* MAPDetailsTableViewController.m */ = {isa = PBXFileReference; lastKnownFileType = sourcecode.c.objc; path = MAPDetailsTableViewController.m; sourceTree = "<group>"; };
		BD521D602491ACF30024FE8A /* MAPWalkingTableViewCell.h */ = {isa = PBXFileReference; lastKnownFileType = sourcecode.c.h; path = MAPWalkingTableViewCell.h; sourceTree = "<group>"; };
		BD521D612491ACF30024FE8A /* MAPWalkingTableViewCell.m */ = {isa = PBXFileReference; lastKnownFileType = sourcecode.c.objc; path = MAPWalkingTableViewCell.m; sourceTree = "<group>"; };
		BD9451A424918ECF007D5FB0 /* MapsAppPrototype.app */ = {isa = PBXFileReference; explicitFileType = wrapper.application; includeInIndex = 0; path = MapsAppPrototype.app; sourceTree = BUILT_PRODUCTS_DIR; };
		BD9451A724918ECF007D5FB0 /* AppDelegate.h */ = {isa = PBXFileReference; lastKnownFileType = sourcecode.c.h; path = AppDelegate.h; sourceTree = "<group>"; };
		BD9451A824918ECF007D5FB0 /* AppDelegate.m */ = {isa = PBXFileReference; lastKnownFileType = sourcecode.c.objc; path = AppDelegate.m; sourceTree = "<group>"; };
		BD9451AA24918ECF007D5FB0 /* SceneDelegate.h */ = {isa = PBXFileReference; lastKnownFileType = sourcecode.c.h; path = SceneDelegate.h; sourceTree = "<group>"; };
		BD9451AB24918ECF007D5FB0 /* SceneDelegate.m */ = {isa = PBXFileReference; lastKnownFileType = sourcecode.c.objc; path = SceneDelegate.m; sourceTree = "<group>"; };
		BD9451B124918ECF007D5FB0 /* Base */ = {isa = PBXFileReference; lastKnownFileType = file.storyboard; name = Base; path = Base.lproj/Main.storyboard; sourceTree = "<group>"; };
		BD9451B324918ED2007D5FB0 /* Assets.xcassets */ = {isa = PBXFileReference; lastKnownFileType = folder.assetcatalog; path = Assets.xcassets; sourceTree = "<group>"; };
		BD9451B624918ED2007D5FB0 /* Base */ = {isa = PBXFileReference; lastKnownFileType = file.storyboard; name = Base; path = Base.lproj/LaunchScreen.storyboard; sourceTree = "<group>"; };
		BD9451B824918ED2007D5FB0 /* Info.plist */ = {isa = PBXFileReference; lastKnownFileType = text.plist.xml; path = Info.plist; sourceTree = "<group>"; };
		BD9451B924918ED2007D5FB0 /* main.m */ = {isa = PBXFileReference; lastKnownFileType = sourcecode.c.objc; path = main.m; sourceTree = "<group>"; };
		BD9451C024918F38007D5FB0 /* WalkingCell.xib */ = {isa = PBXFileReference; lastKnownFileType = file.xib; path = WalkingCell.xib; sourceTree = "<group>"; };
/* End PBXFileReference section */

/* Begin PBXFrameworksBuildPhase section */
		BD9451A124918ECF007D5FB0 /* Frameworks */ = {
			isa = PBXFrameworksBuildPhase;
			buildActionMask = 2147483647;
			files = (
			);
			runOnlyForDeploymentPostprocessing = 0;
		};
/* End PBXFrameworksBuildPhase section */

/* Begin PBXGroup section */
		84CE76692492B73800197B23 /* Views */ = {
			isa = PBXGroup;
			children = (
				84CE766E2492B81500197B23 /* MAPStartTableViewCell.h */,
				84CE766F2492B81500197B23 /* MAPStartTableViewCell.m */,
				BD521D602491ACF30024FE8A /* MAPWalkingTableViewCell.h */,
				BD521D612491ACF30024FE8A /* MAPWalkingTableViewCell.m */,
				84CE76712492BA9300197B23 /* MAPTransitTableViewCell.h */,
				84CE76722492BA9300197B23 /* MAPTransitTableViewCell.m */,
			);
			path = Views;
			sourceTree = "<group>";
		};
		84CE766A2492B74600197B23 /* Storyboards */ = {
			isa = PBXGroup;
			children = (
				BD9451B024918ECF007D5FB0 /* Main.storyboard */,
				BD9451B524918ED2007D5FB0 /* LaunchScreen.storyboard */,
			);
			path = Storyboards;
			sourceTree = "<group>";
		};
		84CE766B2492B75800197B23 /* Design */ = {
			isa = PBXGroup;
			children = (
				BD9451C024918F38007D5FB0 /* WalkingCell.xib */,
			);
			path = Design;
			sourceTree = "<group>";
		};
		84CE766C2492B76A00197B23 /* Resources */ = {
			isa = PBXGroup;
			children = (
				BD9451A724918ECF007D5FB0 /* AppDelegate.h */,
				BD9451A824918ECF007D5FB0 /* AppDelegate.m */,
				BD9451AA24918ECF007D5FB0 /* SceneDelegate.h */,
				BD9451AB24918ECF007D5FB0 /* SceneDelegate.m */,
				BD9451B324918ED2007D5FB0 /* Assets.xcassets */,
				BD9451B824918ED2007D5FB0 /* Info.plist */,
				BD9451B924918ED2007D5FB0 /* main.m */,
			);
			path = Resources;
			sourceTree = "<group>";
		};
		84CE766D2492B7A200197B23 /* View Controllers */ = {
			isa = PBXGroup;
			children = (
				84CE76742492BD1900197B23 /* MAPDetailsTableViewController.h */,
				84CE76752492BD1900197B23 /* MAPDetailsTableViewController.m */,
			);
			path = "View Controllers";
			sourceTree = "<group>";
		};
		BD94519B24918ECE007D5FB0 = {
			isa = PBXGroup;
			children = (
				BD9451A624918ECF007D5FB0 /* MapsAppPrototype */,
				BD9451A524918ECF007D5FB0 /* Products */,
			);
			sourceTree = "<group>";
		};
		BD9451A524918ECF007D5FB0 /* Products */ = {
			isa = PBXGroup;
			children = (
				BD9451A424918ECF007D5FB0 /* MapsAppPrototype.app */,
			);
			name = Products;
			sourceTree = "<group>";
		};
		BD9451A624918ECF007D5FB0 /* MapsAppPrototype */ = {
			isa = PBXGroup;
			children = (
				84CE766B2492B75800197B23 /* Design */,
				84CE766A2492B74600197B23 /* Storyboards */,
				84CE76692492B73800197B23 /* Views */,
				84CE766D2492B7A200197B23 /* View Controllers */,
				84CE766C2492B76A00197B23 /* Resources */,
			);
			path = MapsAppPrototype;
			sourceTree = "<group>";
		};
/* End PBXGroup section */

/* Begin PBXNativeTarget section */
		BD9451A324918ECF007D5FB0 /* MapsAppPrototype */ = {
			isa = PBXNativeTarget;
			buildConfigurationList = BD9451BD24918ED2007D5FB0 /* Build configuration list for PBXNativeTarget "MapsAppPrototype" */;
			buildPhases = (
				BD9451A024918ECF007D5FB0 /* Sources */,
				BD9451A124918ECF007D5FB0 /* Frameworks */,
				BD9451A224918ECF007D5FB0 /* Resources */,
			);
			buildRules = (
			);
			dependencies = (
			);
			name = MapsAppPrototype;
			productName = MapsAppPrototype;
			productReference = BD9451A424918ECF007D5FB0 /* MapsAppPrototype.app */;
			productType = "com.apple.product-type.application";
		};
/* End PBXNativeTarget section */

/* Begin PBXProject section */
		BD94519C24918ECF007D5FB0 /* Project object */ = {
			isa = PBXProject;
			attributes = {
				LastUpgradeCheck = 1150;
				ORGANIZATIONNAME = "Lambda, Inc";
				TargetAttributes = {
					BD9451A324918ECF007D5FB0 = {
						CreatedOnToolsVersion = 11.5;
					};
				};
			};
			buildConfigurationList = BD94519F24918ECF007D5FB0 /* Build configuration list for PBXProject "MapsAppPrototype" */;
			compatibilityVersion = "Xcode 9.3";
			developmentRegion = en;
			hasScannedForEncodings = 0;
			knownRegions = (
				en,
				Base,
			);
			mainGroup = BD94519B24918ECE007D5FB0;
			productRefGroup = BD9451A524918ECF007D5FB0 /* Products */;
			projectDirPath = "";
			projectRoot = "";
			targets = (
				BD9451A324918ECF007D5FB0 /* MapsAppPrototype */,
			);
		};
/* End PBXProject section */

/* Begin PBXResourcesBuildPhase section */
		BD9451A224918ECF007D5FB0 /* Resources */ = {
			isa = PBXResourcesBuildPhase;
			buildActionMask = 2147483647;
			files = (
				BD9451B724918ED2007D5FB0 /* LaunchScreen.storyboard in Resources */,
				BD9451C124918F38007D5FB0 /* WalkingCell.xib in Resources */,
				BD9451B424918ED2007D5FB0 /* Assets.xcassets in Resources */,
				BD9451B224918ECF007D5FB0 /* Main.storyboard in Resources */,
			);
			runOnlyForDeploymentPostprocessing = 0;
		};
/* End PBXResourcesBuildPhase section */

/* Begin PBXSourcesBuildPhase section */
		BD9451A024918ECF007D5FB0 /* Sources */ = {
			isa = PBXSourcesBuildPhase;
			buildActionMask = 2147483647;
			files = (
				84CE76732492BA9300197B23 /* MAPTransitTableViewCell.m in Sources */,
				84CE76702492B81500197B23 /* MAPStartTableViewCell.m in Sources */,
				84CE76762492BD1900197B23 /* MAPDetailsTableViewController.m in Sources */,
				BD521D622491ACF30024FE8A /* MAPWalkingTableViewCell.m in Sources */,
				BD9451A924918ECF007D5FB0 /* AppDelegate.m in Sources */,
				BD9451BA24918ED2007D5FB0 /* main.m in Sources */,
				BD9451AC24918ECF007D5FB0 /* SceneDelegate.m in Sources */,
			);
			runOnlyForDeploymentPostprocessing = 0;
		};
/* End PBXSourcesBuildPhase section */

/* Begin PBXVariantGroup section */
		BD9451B024918ECF007D5FB0 /* Main.storyboard */ = {
			isa = PBXVariantGroup;
			children = (
				BD9451B124918ECF007D5FB0 /* Base */,
			);
			name = Main.storyboard;
			sourceTree = "<group>";
		};
		BD9451B524918ED2007D5FB0 /* LaunchScreen.storyboard */ = {
			isa = PBXVariantGroup;
			children = (
				BD9451B624918ED2007D5FB0 /* Base */,
			);
			name = LaunchScreen.storyboard;
			sourceTree = "<group>";
		};
/* End PBXVariantGroup section */

/* Begin XCBuildConfiguration section */
		BD9451BB24918ED2007D5FB0 /* Debug */ = {
			isa = XCBuildConfiguration;
			buildSettings = {
				ALWAYS_SEARCH_USER_PATHS = NO;
				CLANG_ANALYZER_NONNULL = YES;
				CLANG_ANALYZER_NUMBER_OBJECT_CONVERSION = YES_AGGRESSIVE;
				CLANG_CXX_LANGUAGE_STANDARD = "gnu++14";
				CLANG_CXX_LIBRARY = "libc++";
				CLANG_ENABLE_MODULES = YES;
				CLANG_ENABLE_OBJC_ARC = YES;
				CLANG_ENABLE_OBJC_WEAK = YES;
				CLANG_WARN_BLOCK_CAPTURE_AUTORELEASING = YES;
				CLANG_WARN_BOOL_CONVERSION = YES;
				CLANG_WARN_COMMA = YES;
				CLANG_WARN_CONSTANT_CONVERSION = YES;
				CLANG_WARN_DEPRECATED_OBJC_IMPLEMENTATIONS = YES;
				CLANG_WARN_DIRECT_OBJC_ISA_USAGE = YES_ERROR;
				CLANG_WARN_DOCUMENTATION_COMMENTS = YES;
				CLANG_WARN_EMPTY_BODY = YES;
				CLANG_WARN_ENUM_CONVERSION = YES;
				CLANG_WARN_INFINITE_RECURSION = YES;
				CLANG_WARN_INT_CONVERSION = YES;
				CLANG_WARN_NON_LITERAL_NULL_CONVERSION = YES;
				CLANG_WARN_OBJC_IMPLICIT_RETAIN_SELF = YES;
				CLANG_WARN_OBJC_LITERAL_CONVERSION = YES;
				CLANG_WARN_OBJC_ROOT_CLASS = YES_ERROR;
				CLANG_WARN_RANGE_LOOP_ANALYSIS = YES;
				CLANG_WARN_STRICT_PROTOTYPES = YES;
				CLANG_WARN_SUSPICIOUS_MOVE = YES;
				CLANG_WARN_UNGUARDED_AVAILABILITY = YES_AGGRESSIVE;
				CLANG_WARN_UNREACHABLE_CODE = YES;
				CLANG_WARN__DUPLICATE_METHOD_MATCH = YES;
				COPY_PHASE_STRIP = NO;
				DEBUG_INFORMATION_FORMAT = dwarf;
				ENABLE_STRICT_OBJC_MSGSEND = YES;
				ENABLE_TESTABILITY = YES;
				GCC_C_LANGUAGE_STANDARD = gnu11;
				GCC_DYNAMIC_NO_PIC = NO;
				GCC_NO_COMMON_BLOCKS = YES;
				GCC_OPTIMIZATION_LEVEL = 0;
				GCC_PREPROCESSOR_DEFINITIONS = (
					"DEBUG=1",
					"$(inherited)",
				);
				GCC_WARN_64_TO_32_BIT_CONVERSION = YES;
				GCC_WARN_ABOUT_RETURN_TYPE = YES_ERROR;
				GCC_WARN_UNDECLARED_SELECTOR = YES;
				GCC_WARN_UNINITIALIZED_AUTOS = YES_AGGRESSIVE;
				GCC_WARN_UNUSED_FUNCTION = YES;
				GCC_WARN_UNUSED_VARIABLE = YES;
				IPHONEOS_DEPLOYMENT_TARGET = 13.2;
				MTL_ENABLE_DEBUG_INFO = INCLUDE_SOURCE;
				MTL_FAST_MATH = YES;
				ONLY_ACTIVE_ARCH = YES;
				SDKROOT = iphoneos;
			};
			name = Debug;
		};
		BD9451BC24918ED2007D5FB0 /* Release */ = {
			isa = XCBuildConfiguration;
			buildSettings = {
				ALWAYS_SEARCH_USER_PATHS = NO;
				CLANG_ANALYZER_NONNULL = YES;
				CLANG_ANALYZER_NUMBER_OBJECT_CONVERSION = YES_AGGRESSIVE;
				CLANG_CXX_LANGUAGE_STANDARD = "gnu++14";
				CLANG_CXX_LIBRARY = "libc++";
				CLANG_ENABLE_MODULES = YES;
				CLANG_ENABLE_OBJC_ARC = YES;
				CLANG_ENABLE_OBJC_WEAK = YES;
				CLANG_WARN_BLOCK_CAPTURE_AUTORELEASING = YES;
				CLANG_WARN_BOOL_CONVERSION = YES;
				CLANG_WARN_COMMA = YES;
				CLANG_WARN_CONSTANT_CONVERSION = YES;
				CLANG_WARN_DEPRECATED_OBJC_IMPLEMENTATIONS = YES;
				CLANG_WARN_DIRECT_OBJC_ISA_USAGE = YES_ERROR;
				CLANG_WARN_DOCUMENTATION_COMMENTS = YES;
				CLANG_WARN_EMPTY_BODY = YES;
				CLANG_WARN_ENUM_CONVERSION = YES;
				CLANG_WARN_INFINITE_RECURSION = YES;
				CLANG_WARN_INT_CONVERSION = YES;
				CLANG_WARN_NON_LITERAL_NULL_CONVERSION = YES;
				CLANG_WARN_OBJC_IMPLICIT_RETAIN_SELF = YES;
				CLANG_WARN_OBJC_LITERAL_CONVERSION = YES;
				CLANG_WARN_OBJC_ROOT_CLASS = YES_ERROR;
				CLANG_WARN_RANGE_LOOP_ANALYSIS = YES;
				CLANG_WARN_STRICT_PROTOTYPES = YES;
				CLANG_WARN_SUSPICIOUS_MOVE = YES;
				CLANG_WARN_UNGUARDED_AVAILABILITY = YES_AGGRESSIVE;
				CLANG_WARN_UNREACHABLE_CODE = YES;
				CLANG_WARN__DUPLICATE_METHOD_MATCH = YES;
				COPY_PHASE_STRIP = NO;
				DEBUG_INFORMATION_FORMAT = "dwarf-with-dsym";
				ENABLE_NS_ASSERTIONS = NO;
				ENABLE_STRICT_OBJC_MSGSEND = YES;
				GCC_C_LANGUAGE_STANDARD = gnu11;
				GCC_NO_COMMON_BLOCKS = YES;
				GCC_WARN_64_TO_32_BIT_CONVERSION = YES;
				GCC_WARN_ABOUT_RETURN_TYPE = YES_ERROR;
				GCC_WARN_UNDECLARED_SELECTOR = YES;
				GCC_WARN_UNINITIALIZED_AUTOS = YES_AGGRESSIVE;
				GCC_WARN_UNUSED_FUNCTION = YES;
				GCC_WARN_UNUSED_VARIABLE = YES;
				IPHONEOS_DEPLOYMENT_TARGET = 13.2;
				MTL_ENABLE_DEBUG_INFO = NO;
				MTL_FAST_MATH = YES;
				SDKROOT = iphoneos;
				VALIDATE_PRODUCT = YES;
			};
			name = Release;
		};
		BD9451BE24918ED2007D5FB0 /* Debug */ = {
			isa = XCBuildConfiguration;
			buildSettings = {
				ASSETCATALOG_COMPILER_APPICON_NAME = AppIcon;
				CODE_SIGN_STYLE = Automatic;
				DEVELOPMENT_TEAM = LCRLD36TZ6;
				INFOPLIST_FILE = MapsAppPrototype/Resources/Info.plist;
				LD_RUNPATH_SEARCH_PATHS = (
					"$(inherited)",
					"@executable_path/Frameworks",
				);
				PRODUCT_BUNDLE_IDENTIFIER = com.lambdaschool.MapsAppPrototype;
				PRODUCT_NAME = "$(TARGET_NAME)";
				TARGETED_DEVICE_FAMILY = "1,2";
			};
			name = Debug;
		};
		BD9451BF24918ED2007D5FB0 /* Release */ = {
			isa = XCBuildConfiguration;
			buildSettings = {
				ASSETCATALOG_COMPILER_APPICON_NAME = AppIcon;
				CODE_SIGN_STYLE = Automatic;
				DEVELOPMENT_TEAM = LCRLD36TZ6;
				INFOPLIST_FILE = MapsAppPrototype/Resources/Info.plist;
				LD_RUNPATH_SEARCH_PATHS = (
					"$(inherited)",
					"@executable_path/Frameworks",
				);
				PRODUCT_BUNDLE_IDENTIFIER = com.lambdaschool.MapsAppPrototype;
				PRODUCT_NAME = "$(TARGET_NAME)";
				TARGETED_DEVICE_FAMILY = "1,2";
			};
			name = Release;
		};
/* End XCBuildConfiguration section */

/* Begin XCConfigurationList section */
		BD94519F24918ECF007D5FB0 /* Build configuration list for PBXProject "MapsAppPrototype" */ = {
			isa = XCConfigurationList;
			buildConfigurations = (
				BD9451BB24918ED2007D5FB0 /* Debug */,
				BD9451BC24918ED2007D5FB0 /* Release */,
			);
			defaultConfigurationIsVisible = 0;
			defaultConfigurationName = Release;
		};
		BD9451BD24918ED2007D5FB0 /* Build configuration list for PBXNativeTarget "MapsAppPrototype" */ = {
			isa = XCConfigurationList;
			buildConfigurations = (
				BD9451BE24918ED2007D5FB0 /* Debug */,
				BD9451BF24918ED2007D5FB0 /* Release */,
			);
			defaultConfigurationIsVisible = 0;
			defaultConfigurationName = Release;
		};
/* End XCConfigurationList section */
	};
	rootObject = BD94519C24918ECF007D5FB0 /* Project object */;
}
